
Microsoft Visual Studio Solution File, Format Version 12.00
# Visual Studio Version 16
VisualStudioVersion = 16.0.30621.155
MinimumVisualStudioVersion = 10.0.40219.1
Project("{FAE04EC0-301F-11D3-BF4B-00C04F79EFBC}") = "SweetstakesRound2", "SweetstakesRound2\SweetstakesRound2.csproj", "{43C3028E-4AA7-4C82-8737-D8871E07FC9D}"
EndProject
Global
	GlobalSection(SolutionConfigurationPlatforms) = preSolution
		Debug|Any CPU = Debug|Any CPU
		Release|Any CPU = Release|Any CPU
	EndGlobalSection
	GlobalSection(ProjectConfigurationPlatforms) = postSolution
		{43C3028E-4AA7-4C82-8737-D8871E07FC9D}.Debug|Any CPU.ActiveCfg = Debug|Any CPU
		{43C3028E-4AA7-4C82-8737-D8871E07FC9D}.Debug|Any CPU.Build.0 = Debug|Any CPU
		{43C3028E-4AA7-4C82-8737-D8871E07FC9D}.Release|Any CPU.ActiveCfg = Release|Any CPU
		{43C3028E-4AA7-4C82-8737-D8871E07FC9D}.Release|Any CPU.Build.0 = Release|Any CPU
	EndGlobalSection
	GlobalSection(SolutionProperties) = preSolution
		HideSolutionNode = FALSE
	EndGlobalSection
	GlobalSection(ExtensibilityGlobals) = postSolution
		SolutionGuid = {99B8565C-ADCF-4D54-8D67-3F9F3D759AA5}
	EndGlobalSection
EndGlobal
